{
    "_readme": [
        "This file locks the dependencies of your project to a known state",
        "This file is @generated automatically. Avoid making changes to this file directly."
    ],
    "packages": [
        {
            "name": "uvdesk/ecommerce",
            "description": "UVDesk Community ECommerce Module",
            "type": "uvdesk-module",
            "autoload": {
                "UVDesk\\CommunityPackages\\UVDesk\\ECommerce\\": "src/"
            },
            "package": {
                "UVDesk\\CommunityPackages\\UVDesk\\ECommerce\\ECommercePackage": [
                    "all"
                ]
            }
        }
    ]
}